{
  "originHash" : "ee6385ac03ca55912b07e5b5c59d3add0b4a81382a9e1bbdabcaae7d6fde6f57",
  "pins" : [
    {
      "identity" : "amadocmodelios",
      "kind" : "remoteSourceControl",
      "location" : "https://github.com/vbmobile/AMADocModeliOS",
      "state" : {
        "revision" : "7b36ca1cc2b4908ce2ce425a60210940dbe01cfa",
        "version" : "2.0.2"
      }
    },
    {
      "identity" : "ultralight-native-sdk",
      "kind" : "remoteSourceControl",
      "location" : "https://github.com/vbmobile/ultralight-native-sdk",
      "state" : {
        "revision" : "f053a1767fc392fa1613b7ae78fc9218b5f90a79",
        "version" : "2.6.141"
      }
    }
  ],
  "version" : 3
}
