{
  "originHash" : "61d788711765aefaace23c5d71c3341eabf9b3e079c16477fb274e5f53b99fd6",
  "pins" : [
    {
      "identity" : "amadocmodel",
      "kind" : "remoteSourceControl",
      "location" : "https://github.com/vbmobile/AMADocModel",
      "state" : {
        "revision" : "56f5800087cc9f7f62d6e708d8cc431a1949bfa4",
        "version" : "3.0.1"
      }
    },
    {
      "identity" : "ultralight-native-sdk",
      "kind" : "remoteSourceControl",
      "location" : "https://github.com/vbmobile/ultralight-native-sdk",
      "state" : {
        "revision" : "d1b8ee369996ab5f1ca660bf7b788fc8ee022f6b",
        "version" : "2.6.181"
      }
    }
  ],
  "version" : 3
}
