// !$*UTF8*$!
{
	archiveVersion = 1;
	classes = {
	};
	objectVersion = 63;
	objects = {

/* Begin PBXAggregateTarget section */
		757249C09BA1FB2D3555FA13 /* SwiftFormat */ = {
			isa = PBXAggregateTarget;
			buildConfigurationList = 394271A26830671881D59F28 /* Build configuration list for PBXAggregateTarget "SwiftFormat" */;
			buildPhases = (
				7A6C19F6A924D7344E339C5D /* SwiftFormat */,
			);
			dependencies = (
			);
			name = SwiftFormat;
			packageProductDependencies = (
			);
			productName = SwiftFormat;
		};
		817E36194C4FA10D13F87B8D /* SwiftLint */ = {
			isa = PBXAggregateTarget;
			buildConfigurationList = 5BA4778E1BFDA03A9C92DEE8 /* Build configuration list for PBXAggregateTarget "SwiftLint" */;
			buildPhases = (
				93C3F0EEAEA6CAB5055E068F /* SwiftLint */,
			);
			dependencies = (
			);
			name = SwiftLint;
			packageProductDependencies = (
			);
			productName = SwiftLint;
		};
/* End PBXAggregateTarget section */

/* Begin PBXBuildFile section */
		38FD7C51111276E0BA5269EA /* MockData.swift in Sources */ = {isa = PBXBuildFile; fileRef = A820815EE15037F1A60F19CC /* MockData.swift */; };
		437E109A24B8504F3AA47C0A /* LaunchScreen.storyboard in Resources */ = {isa = PBXBuildFile; fileRef = 1F9D96D22D04A988A960D6BD /* LaunchScreen.storyboard */; };
		61CA05242246512F30017061 /* 1.UltralightApp.swift in Sources */ = {isa = PBXBuildFile; fileRef = 17A84048A1CA9F6861C4E786 /* 1.UltralightApp.swift */; };
		8207ACF0C2FF07CA604A4487 /* OperationTimer.swift in Sources */ = {isa = PBXBuildFile; fileRef = 5C2A7345A2293146D528A2C7 /* OperationTimer.swift */; };
		8EF03F7D23837508B3DECB13 /* 2.1.UltralightView.swift in Sources */ = {isa = PBXBuildFile; fileRef = AE17C4BEFA4D43839C890724 /* 2.1.UltralightView.swift */; };
		A8FD60305BC440A400F5B220 /* Assets.xcassets in Resources */ = {isa = PBXBuildFile; fileRef = ABBD9E008AC32AD291D69928 /* Assets.xcassets */; };
		CF393E8F51E9CEF9A5CE01D3 /* 2.2.PassengersView.swift in Sources */ = {isa = PBXBuildFile; fileRef = 66DA576CE3CD141999CF2F26 /* 2.2.PassengersView.swift */; };
		F605B67B2F718D2B00F8A01C /* AMAShareUltralight in Frameworks */ = {isa = PBXBuildFile; productRef = F605B67A2F718D2B00F8A01C /* AMAShareUltralight */; };
		F62306192F715555008718F2 /* AMAShareUltralight in Frameworks */ = {isa = PBXBuildFile; productRef = F62306182F715555008718F2 /* AMAShareUltralight */; };
		F65395882F7187F900539424 /* AMAShareUltralight in Frameworks */ = {isa = PBXBuildFile; productRef = F65395872F7187F900539424 /* AMAShareUltralight */; };
		F69D2BE92F718D7300B0AB3B /* AMAShareUltralight in Frameworks */ = {isa = PBXBuildFile; productRef = F69D2BE82F718D7300B0AB3B /* AMAShareUltralight */; };
		F69D2BEF2F718E0900B0AB3B /* AMAShareUltralight in Frameworks */ = {isa = PBXBuildFile; productRef = F69D2BEE2F718E0900B0AB3B /* AMAShareUltralight */; };
		F69D2BF22F718E5B00B0AB3B /* AMAShareUltralight in Frameworks */ = {isa = PBXBuildFile; productRef = F69D2BF12F718E5B00B0AB3B /* AMAShareUltralight */; };
		F6BDB9042F7150CC00357430 /* AMAShareUltralight in Frameworks */ = {isa = PBXBuildFile; productRef = F6BDB9032F7150CC00357430 /* AMAShareUltralight */; };
		F6C665172F7184690059E1AD /* AMAShareUltralight in Frameworks */ = {isa = PBXBuildFile; productRef = F6C665162F7184690059E1AD /* AMAShareUltralight */; };
		F6F079E42F6D715800D5394D /* AMAShareUltralight in Frameworks */ = {isa = PBXBuildFile; productRef = F6F079E32F6D715800D5394D /* AMAShareUltralight */; };
/* End PBXBuildFile section */

/* Begin PBXCopyFilesBuildPhase section */
		C01B5294BE8ED179CA059E63 /* Embed Frameworks */ = {
			isa = PBXCopyFilesBuildPhase;
			buildActionMask = 2147483647;
			dstPath = "";
			dstSubfolderSpec = 10;
			files = (
			);
			name = "Embed Frameworks";
			runOnlyForDeploymentPostprocessing = 0;
		};
/* End PBXCopyFilesBuildPhase section */

/* Begin PBXFileReference section */
		154FAE636D5E23DF886F3868 /* UltraLightDemoApp.app */ = {isa = PBXFileReference; explicitFileType = wrapper.application; includeInIndex = 0; path = UltraLightDemoApp.app; sourceTree = BUILT_PRODUCTS_DIR; };
		17A84048A1CA9F6861C4E786 /* 1.UltralightApp.swift */ = {isa = PBXFileReference; lastKnownFileType = sourcecode.swift; path = 1.UltralightApp.swift; sourceTree = "<group>"; };
		1AC52189B73BF282AD606ACF /* pods-release.xcconfig */ = {isa = PBXFileReference; lastKnownFileType = text.xcconfig; path = "pods-release.xcconfig"; sourceTree = "<group>"; };
		1F9D96D22D04A988A960D6BD /* LaunchScreen.storyboard */ = {isa = PBXFileReference; lastKnownFileType = file.storyboard; path = LaunchScreen.storyboard; sourceTree = "<group>"; };
		2398489133101248118B38D4 /* debug.xcconfig */ = {isa = PBXFileReference; lastKnownFileType = text.xcconfig; path = debug.xcconfig; sourceTree = "<group>"; };
		530E9587EE954E0D5AE44CCF /* base.xcconfig */ = {isa = PBXFileReference; lastKnownFileType = text.xcconfig; path = base.xcconfig; sourceTree = "<group>"; };
		5C2A7345A2293146D528A2C7 /* OperationTimer.swift */ = {isa = PBXFileReference; lastKnownFileType = sourcecode.swift; path = OperationTimer.swift; sourceTree = "<group>"; };
		5FD9816AECC244CDFCF7C07E /* Info.plist */ = {isa = PBXFileReference; lastKnownFileType = text.plist; path = Info.plist; sourceTree = "<group>"; };
		66DA576CE3CD141999CF2F26 /* 2.2.PassengersView.swift */ = {isa = PBXFileReference; lastKnownFileType = sourcecode.swift; path = 2.2.PassengersView.swift; sourceTree = "<group>"; };
		84E5B53BE17740F050BAC53B /* version.xcconfig */ = {isa = PBXFileReference; lastKnownFileType = text.xcconfig; path = version.xcconfig; sourceTree = "<group>"; };
		A2FECA56B0110442E56C4BC6 /* release.xcconfig */ = {isa = PBXFileReference; lastKnownFileType = text.xcconfig; path = release.xcconfig; sourceTree = "<group>"; };
		A820815EE15037F1A60F19CC /* MockData.swift */ = {isa = PBXFileReference; lastKnownFileType = sourcecode.swift; path = MockData.swift; sourceTree = "<group>"; };
		ABBD9E008AC32AD291D69928 /* Assets.xcassets */ = {isa = PBXFileReference; lastKnownFileType = folder.assetcatalog; path = Assets.xcassets; sourceTree = "<group>"; };
		AE17C4BEFA4D43839C890724 /* 2.1.UltralightView.swift */ = {isa = PBXFileReference; lastKnownFileType = sourcecode.swift; path = 2.1.UltralightView.swift; sourceTree = "<group>"; };
		FDB9C8A2F4FEAFBA8C166010 /* pods-debug.xcconfig */ = {isa = PBXFileReference; lastKnownFileType = text.xcconfig; path = "pods-debug.xcconfig"; sourceTree = "<group>"; };
/* End PBXFileReference section */

/* Begin PBXFrameworksBuildPhase section */
		631EEB8FD7848E1438134A16 /* Frameworks */ = {
			isa = PBXFrameworksBuildPhase;
			buildActionMask = 2147483647;
			files = (
				F6C665172F7184690059E1AD /* AMAShareUltralight in Frameworks */,
				F65395882F7187F900539424 /* AMAShareUltralight in Frameworks */,
				F69D2BF22F718E5B00B0AB3B /* AMAShareUltralight in Frameworks */,
				F605B67B2F718D2B00F8A01C /* AMAShareUltralight in Frameworks */,
				F6BDB9042F7150CC00357430 /* AMAShareUltralight in Frameworks */,
				F69D2BEF2F718E0900B0AB3B /* AMAShareUltralight in Frameworks */,
				F6F079E42F6D715800D5394D /* AMAShareUltralight in Frameworks */,
				F62306192F715555008718F2 /* AMAShareUltralight in Frameworks */,
				F69D2BE92F718D7300B0AB3B /* AMAShareUltralight in Frameworks */,
			);
			runOnlyForDeploymentPostprocessing = 0;
		};
/* End PBXFrameworksBuildPhase section */

/* Begin PBXGroup section */
		12DA192FD2EFC71583D32200 /* Configuration */ = {
			isa = PBXGroup;
			children = (
				530E9587EE954E0D5AE44CCF /* base.xcconfig */,
				2398489133101248118B38D4 /* debug.xcconfig */,
				FDB9C8A2F4FEAFBA8C166010 /* pods-debug.xcconfig */,
				1AC52189B73BF282AD606ACF /* pods-release.xcconfig */,
				A2FECA56B0110442E56C4BC6 /* release.xcconfig */,
				84E5B53BE17740F050BAC53B /* version.xcconfig */,
			);
			path = Configuration;
			sourceTree = "<group>";
		};
		440193E401A4E83EEA00B144 = {
			isa = PBXGroup;
			children = (
				12DA192FD2EFC71583D32200 /* Configuration */,
				F1DF8958A1BCF35E04E58873 /* DemoApp */,
				D4CC74EBFCAF08A1E61D64BF /* Products */,
			);
			sourceTree = "<group>";
		};
		7D3E70DD45D1A644F2A594B4 /* 1-App */ = {
			isa = PBXGroup;
			children = (
				17A84048A1CA9F6861C4E786 /* 1.UltralightApp.swift */,
				AE17C4BEFA4D43839C890724 /* 2.1.UltralightView.swift */,
				66DA576CE3CD141999CF2F26 /* 2.2.PassengersView.swift */,
			);
			path = "1-App";
			sourceTree = "<group>";
		};
		D4CC74EBFCAF08A1E61D64BF /* Products */ = {
			isa = PBXGroup;
			children = (
				154FAE636D5E23DF886F3868 /* UltraLightDemoApp.app */,
			);
			name = Products;
			sourceTree = "<group>";
		};
		DC2A312295DB4B201DFF603D /* 2-Auxiliar */ = {
			isa = PBXGroup;
			children = (
				A820815EE15037F1A60F19CC /* MockData.swift */,
				5C2A7345A2293146D528A2C7 /* OperationTimer.swift */,
			);
			path = "2-Auxiliar";
			sourceTree = "<group>";
		};
		F1DF8958A1BCF35E04E58873 /* DemoApp */ = {
			isa = PBXGroup;
			children = (
				7D3E70DD45D1A644F2A594B4 /* 1-App */,
				DC2A312295DB4B201DFF603D /* 2-Auxiliar */,
				ABBD9E008AC32AD291D69928 /* Assets.xcassets */,
				5FD9816AECC244CDFCF7C07E /* Info.plist */,
				1F9D96D22D04A988A960D6BD /* LaunchScreen.storyboard */,
			);
			path = DemoApp;
			sourceTree = "<group>";
		};
/* End PBXGroup section */

/* Begin PBXNativeTarget section */
		CD9365CEE296087B81D5EDE0 /* DemoApp */ = {
			isa = PBXNativeTarget;
			buildConfigurationList = 6BF92CDD7C5A429EE9438DB2 /* Build configuration list for PBXNativeTarget "DemoApp" */;
			buildPhases = (
				06C44C80621A0C39B6AB7A54 /* Sources */,
				F3621958ACE022B3E174CC1E /* Resources */,
				631EEB8FD7848E1438134A16 /* Frameworks */,
				C01B5294BE8ED179CA059E63 /* Embed Frameworks */,
			);
			buildRules = (
			);
			dependencies = (
			);
			name = DemoApp;
			packageProductDependencies = (
				F6F079E32F6D715800D5394D /* AMAShareUltralight */,
				F6BDB9032F7150CC00357430 /* AMAShareUltralight */,
				F62306182F715555008718F2 /* AMAShareUltralight */,
				F6C665162F7184690059E1AD /* AMAShareUltralight */,
				F65395872F7187F900539424 /* AMAShareUltralight */,
				F605B67A2F718D2B00F8A01C /* AMAShareUltralight */,
				F69D2BE82F718D7300B0AB3B /* AMAShareUltralight */,
				F69D2BEE2F718E0900B0AB3B /* AMAShareUltralight */,
				F69D2BF12F718E5B00B0AB3B /* AMAShareUltralight */,
			);
			productName = DemoApp;
			productReference = 154FAE636D5E23DF886F3868 /* UltraLightDemoApp.app */;
			productType = "com.apple.product-type.application";
		};
/* End PBXNativeTarget section */

/* Begin PBXProject section */
		3ACCC0531C14DF86AB1980F5 /* Project object */ = {
			isa = PBXProject;
			attributes = {
				BuildIndependentTargetsInParallel = YES;
				LastUpgradeCheck = 2630;
			};
			buildConfigurationList = B9C4410D5AD85BE6945FC336 /* Build configuration list for PBXProject "DemoApp" */;
			compatibilityVersion = "Xcode 14.0";
			developmentRegion = en;
			hasScannedForEncodings = 0;
			knownRegions = (
				Base,
				en,
			);
			mainGroup = 440193E401A4E83EEA00B144;
			minimizedProjectReferenceProxies = 1;
			packageReferences = (
				F69D2BF02F718E5B00B0AB3B /* XCLocalSwiftPackageReference "../../AMAShareUltralight" */,
			);
			projectDirPath = "";
			projectRoot = "";
			targets = (
				CD9365CEE296087B81D5EDE0 /* DemoApp */,
				757249C09BA1FB2D3555FA13 /* SwiftFormat */,
				817E36194C4FA10D13F87B8D /* SwiftLint */,
			);
		};
/* End PBXProject section */

/* Begin PBXResourcesBuildPhase section */
		F3621958ACE022B3E174CC1E /* Resources */ = {
			isa = PBXResourcesBuildPhase;
			buildActionMask = 2147483647;
			files = (
				A8FD60305BC440A400F5B220 /* Assets.xcassets in Resources */,
				437E109A24B8504F3AA47C0A /* LaunchScreen.storyboard in Resources */,
			);
			runOnlyForDeploymentPostprocessing = 0;
		};
/* End PBXResourcesBuildPhase section */

/* Begin PBXShellScriptBuildPhase section */
		7A6C19F6A924D7344E339C5D /* SwiftFormat */ = {
			isa = PBXShellScriptBuildPhase;
			buildActionMask = 2147483647;
			files = (
			);
			inputFileListPaths = (
			);
			inputPaths = (
			);
			name = SwiftFormat;
			outputFileListPaths = (
			);
			outputPaths = (
			);
			runOnlyForDeploymentPostprocessing = 0;
			shellPath = /bin/bash;
			shellScript = "scripts/executeSwiftFormat.sh\n";
		};
		93C3F0EEAEA6CAB5055E068F /* SwiftLint */ = {
			isa = PBXShellScriptBuildPhase;
			buildActionMask = 2147483647;
			files = (
			);
			inputFileListPaths = (
			);
			inputPaths = (
			);
			name = SwiftLint;
			outputFileListPaths = (
			);
			outputPaths = (
			);
			runOnlyForDeploymentPostprocessing = 0;
			shellPath = /bin/bash;
			shellScript = "scripts/executeSwiftLint.sh\n";
		};
/* End PBXShellScriptBuildPhase section */

/* Begin PBXSourcesBuildPhase section */
		06C44C80621A0C39B6AB7A54 /* Sources */ = {
			isa = PBXSourcesBuildPhase;
			buildActionMask = 2147483647;
			files = (
				61CA05242246512F30017061 /* 1.UltralightApp.swift in Sources */,
				8EF03F7D23837508B3DECB13 /* 2.1.UltralightView.swift in Sources */,
				CF393E8F51E9CEF9A5CE01D3 /* 2.2.PassengersView.swift in Sources */,
				38FD7C51111276E0BA5269EA /* MockData.swift in Sources */,
				8207ACF0C2FF07CA604A4487 /* OperationTimer.swift in Sources */,
			);
			runOnlyForDeploymentPostprocessing = 0;
		};
/* End PBXSourcesBuildPhase section */

/* Begin XCBuildConfiguration section */
		041C67ECF87CA2F42B2A6BA2 /* Release */ = {
			isa = XCBuildConfiguration;
			buildSettings = {
				ALWAYS_SEARCH_USER_PATHS = NO;
				CLANG_ANALYZER_NONNULL = YES;
				CLANG_ANALYZER_NUMBER_OBJECT_CONVERSION = YES_AGGRESSIVE;
				CLANG_CXX_LANGUAGE_STANDARD = "gnu++14";
				CLANG_CXX_LIBRARY = "libc++";
				CLANG_ENABLE_MODULES = YES;
				CLANG_ENABLE_OBJC_ARC = YES;
				CLANG_ENABLE_OBJC_WEAK = YES;
				CLANG_WARN_BLOCK_CAPTURE_AUTORELEASING = YES;
				CLANG_WARN_BOOL_CONVERSION = YES;
				CLANG_WARN_COMMA = YES;
				CLANG_WARN_CONSTANT_CONVERSION = YES;
				CLANG_WARN_DEPRECATED_OBJC_IMPLEMENTATIONS = YES;
				CLANG_WARN_DIRECT_OBJC_ISA_USAGE = YES_ERROR;
				CLANG_WARN_DOCUMENTATION_COMMENTS = YES;
				CLANG_WARN_EMPTY_BODY = YES;
				CLANG_WARN_ENUM_CONVERSION = YES;
				CLANG_WARN_INFINITE_RECURSION = YES;
				CLANG_WARN_INT_CONVERSION = YES;
				CLANG_WARN_NON_LITERAL_NULL_CONVERSION = YES;
				CLANG_WARN_OBJC_IMPLICIT_RETAIN_SELF = YES;
				CLANG_WARN_OBJC_LITERAL_CONVERSION = YES;
				CLANG_WARN_OBJC_ROOT_CLASS = YES_ERROR;
				CLANG_WARN_QUOTED_INCLUDE_IN_FRAMEWORK_HEADER = YES;
				CLANG_WARN_RANGE_LOOP_ANALYSIS = YES;
				CLANG_WARN_STRICT_PROTOTYPES = YES;
				CLANG_WARN_SUSPICIOUS_MOVE = YES;
				CLANG_WARN_UNGUARDED_AVAILABILITY = YES_AGGRESSIVE;
				CLANG_WARN_UNREACHABLE_CODE = YES;
				CLANG_WARN__DUPLICATE_METHOD_MATCH = YES;
				COPY_PHASE_STRIP = NO;
				DEBUG_INFORMATION_FORMAT = "dwarf-with-dsym";
				ENABLE_NS_ASSERTIONS = NO;
				ENABLE_STRICT_OBJC_MSGSEND = YES;
				GCC_C_LANGUAGE_STANDARD = gnu11;
				GCC_NO_COMMON_BLOCKS = YES;
				GCC_WARN_64_TO_32_BIT_CONVERSION = YES;
				GCC_WARN_ABOUT_RETURN_TYPE = YES_ERROR;
				GCC_WARN_UNDECLARED_SELECTOR = YES;
				GCC_WARN_UNINITIALIZED_AUTOS = YES_AGGRESSIVE;
				GCC_WARN_UNUSED_FUNCTION = YES;
				GCC_WARN_UNUSED_VARIABLE = YES;
				MTL_ENABLE_DEBUG_INFO = NO;
				MTL_FAST_MATH = YES;
				PRODUCT_NAME = "$(TARGET_NAME)";
				SDKROOT = iphoneos;
				STRING_CATALOG_GENERATE_SYMBOLS = YES;
				SWIFT_COMPILATION_MODE = wholemodule;
				SWIFT_OPTIMIZATION_LEVEL = "-O";
				SWIFT_VERSION = 5.0;
			};
			name = Release;
		};
		0CCB0E7D96D716A1B4885D92 /* Release */ = {
			isa = XCBuildConfiguration;
			buildSettings = {
			};
			name = Release;
		};
		17707D7259CA9368A4B03200 /* Debug */ = {
			isa = XCBuildConfiguration;
			buildSettings = {
				ALWAYS_SEARCH_USER_PATHS = NO;
				CLANG_ANALYZER_NONNULL = YES;
				CLANG_ANALYZER_NUMBER_OBJECT_CONVERSION = YES_AGGRESSIVE;
				CLANG_CXX_LANGUAGE_STANDARD = "gnu++14";
				CLANG_CXX_LIBRARY = "libc++";
				CLANG_ENABLE_MODULES = YES;
				CLANG_ENABLE_OBJC_ARC = YES;
				CLANG_ENABLE_OBJC_WEAK = YES;
				CLANG_WARN_BLOCK_CAPTURE_AUTORELEASING = YES;
				CLANG_WARN_BOOL_CONVERSION = YES;
				CLANG_WARN_COMMA = YES;
				CLANG_WARN_CONSTANT_CONVERSION = YES;
				CLANG_WARN_DEPRECATED_OBJC_IMPLEMENTATIONS = YES;
				CLANG_WARN_DIRECT_OBJC_ISA_USAGE = YES_ERROR;
				CLANG_WARN_DOCUMENTATION_COMMENTS = YES;
				CLANG_WARN_EMPTY_BODY = YES;
				CLANG_WARN_ENUM_CONVERSION = YES;
				CLANG_WARN_INFINITE_RECURSION = YES;
				CLANG_WARN_INT_CONVERSION = YES;
				CLANG_WARN_NON_LITERAL_NULL_CONVERSION = YES;
				CLANG_WARN_OBJC_IMPLICIT_RETAIN_SELF = YES;
				CLANG_WARN_OBJC_LITERAL_CONVERSION = YES;
				CLANG_WARN_OBJC_ROOT_CLASS = YES_ERROR;
				CLANG_WARN_QUOTED_INCLUDE_IN_FRAMEWORK_HEADER = YES;
				CLANG_WARN_RANGE_LOOP_ANALYSIS = YES;
				CLANG_WARN_STRICT_PROTOTYPES = YES;
				CLANG_WARN_SUSPICIOUS_MOVE = YES;
				CLANG_WARN_UNGUARDED_AVAILABILITY = YES_AGGRESSIVE;
				CLANG_WARN_UNREACHABLE_CODE = YES;
				CLANG_WARN__DUPLICATE_METHOD_MATCH = YES;
				COPY_PHASE_STRIP = NO;
				DEBUG_INFORMATION_FORMAT = dwarf;
				ENABLE_STRICT_OBJC_MSGSEND = YES;
				ENABLE_TESTABILITY = YES;
				GCC_C_LANGUAGE_STANDARD = gnu11;
				GCC_DYNAMIC_NO_PIC = NO;
				GCC_NO_COMMON_BLOCKS = YES;
				GCC_OPTIMIZATION_LEVEL = 0;
				GCC_PREPROCESSOR_DEFINITIONS = (
					"$(inherited)",
					"DEBUG=1",
				);
				GCC_WARN_64_TO_32_BIT_CONVERSION = YES;
				GCC_WARN_ABOUT_RETURN_TYPE = YES_ERROR;
				GCC_WARN_UNDECLARED_SELECTOR = YES;
				GCC_WARN_UNINITIALIZED_AUTOS = YES_AGGRESSIVE;
				GCC_WARN_UNUSED_FUNCTION = YES;
				GCC_WARN_UNUSED_VARIABLE = YES;
				MTL_ENABLE_DEBUG_INFO = INCLUDE_SOURCE;
				MTL_FAST_MATH = YES;
				ONLY_ACTIVE_ARCH = YES;
				PRODUCT_NAME = "$(TARGET_NAME)";
				SDKROOT = iphoneos;
				STRING_CATALOG_GENERATE_SYMBOLS = YES;
				SWIFT_ACTIVE_COMPILATION_CONDITIONS = DEBUG;
				SWIFT_OPTIMIZATION_LEVEL = "-Onone";
				SWIFT_VERSION = 5.0;
			};
			name = Debug;
		};
		1C545C0DD7857285CD8FC0E0 /* Debug */ = {
			isa = XCBuildConfiguration;
			baseConfigurationReference = 2398489133101248118B38D4 /* debug.xcconfig */;
			buildSettings = {
				ASSETCATALOG_COMPILER_APPICON_NAME = AppIcon;
				CODE_SIGN_IDENTITY = "Apple Development";
				CODE_SIGN_STYLE = Automatic;
				DEVELOPMENT_TEAM = 75P3L796V9;
				ENABLE_USER_SCRIPT_SANDBOXING = NO;
				INFOPLIST_FILE = DemoApp/Info.plist;
				IPHONEOS_DEPLOYMENT_TARGET = 16.0;
				LD_RUNPATH_SEARCH_PATHS = (
					"$(inherited)",
					"@executable_path/Frameworks",
				);
				PROVISIONING_PROFILE_SPECIFIER = "";
				SDKROOT = iphoneos;
				SUPPORTED_PLATFORMS = "iphoneos iphonesimulator";
				SUPPORTS_MACCATALYST = NO;
				SUPPORTS_MAC_DESIGNED_FOR_IPHONE_IPAD = NO;
				TARGETED_DEVICE_FAMILY = 1;
			};
			name = Debug;
		};
		1D6D22CA4F9024142D21F11B /* Release */ = {
			isa = XCBuildConfiguration;
			buildSettings = {
			};
			name = Release;
		};
		6A932C21F0556557DC048A4D /* Debug */ = {
			isa = XCBuildConfiguration;
			buildSettings = {
			};
			name = Debug;
		};
		AD50BDF0C399EC95218708BF /* Release */ = {
			isa = XCBuildConfiguration;
			baseConfigurationReference = A2FECA56B0110442E56C4BC6 /* release.xcconfig */;
			buildSettings = {
				ASSETCATALOG_COMPILER_APPICON_NAME = AppIcon;
				CODE_SIGN_STYLE = Manual;
				ENABLE_USER_SCRIPT_SANDBOXING = NO;
				INFOPLIST_FILE = DemoApp/Info.plist;
				IPHONEOS_DEPLOYMENT_TARGET = 16.0;
				LD_RUNPATH_SEARCH_PATHS = (
					"$(inherited)",
					"@executable_path/Frameworks",
				);
				SDKROOT = iphoneos;
				SUPPORTED_PLATFORMS = "iphoneos iphonesimulator";
				SUPPORTS_MACCATALYST = NO;
				SUPPORTS_MAC_DESIGNED_FOR_IPHONE_IPAD = NO;
				TARGETED_DEVICE_FAMILY = 1;
			};
			name = Release;
		};
		DF019D8499134A3DD1CCA4BD /* Debug */ = {
			isa = XCBuildConfiguration;
			buildSettings = {
			};
			name = Debug;
		};
/* End XCBuildConfiguration section */

/* Begin XCConfigurationList section */
		394271A26830671881D59F28 /* Build configuration list for PBXAggregateTarget "SwiftFormat" */ = {
			isa = XCConfigurationList;
			buildConfigurations = (
				6A932C21F0556557DC048A4D /* Debug */,
				1D6D22CA4F9024142D21F11B /* Release */,
			);
			defaultConfigurationIsVisible = 0;
			defaultConfigurationName = Debug;
		};
		5BA4778E1BFDA03A9C92DEE8 /* Build configuration list for PBXAggregateTarget "SwiftLint" */ = {
			isa = XCConfigurationList;
			buildConfigurations = (
				DF019D8499134A3DD1CCA4BD /* Debug */,
				0CCB0E7D96D716A1B4885D92 /* Release */,
			);
			defaultConfigurationIsVisible = 0;
			defaultConfigurationName = Debug;
		};
		6BF92CDD7C5A429EE9438DB2 /* Build configuration list for PBXNativeTarget "DemoApp" */ = {
			isa = XCConfigurationList;
			buildConfigurations = (
				1C545C0DD7857285CD8FC0E0 /* Debug */,
				AD50BDF0C399EC95218708BF /* Release */,
			);
			defaultConfigurationIsVisible = 0;
			defaultConfigurationName = Debug;
		};
		B9C4410D5AD85BE6945FC336 /* Build configuration list for PBXProject "DemoApp" */ = {
			isa = XCConfigurationList;
			buildConfigurations = (
				17707D7259CA9368A4B03200 /* Debug */,
				041C67ECF87CA2F42B2A6BA2 /* Release */,
			);
			defaultConfigurationIsVisible = 0;
			defaultConfigurationName = Debug;
		};
/* End XCConfigurationList section */

/* Begin XCLocalSwiftPackageReference section */
		F69D2BF02F718E5B00B0AB3B /* XCLocalSwiftPackageReference "../../AMAShareUltralight" */ = {
			isa = XCLocalSwiftPackageReference;
			relativePath = ../../AMAShareUltralight;
		};
/* End XCLocalSwiftPackageReference section */

/* Begin XCSwiftPackageProductDependency section */
		F605B67A2F718D2B00F8A01C /* AMAShareUltralight */ = {
			isa = XCSwiftPackageProductDependency;
			productName = AMAShareUltralight;
		};
		F62306182F715555008718F2 /* AMAShareUltralight */ = {
			isa = XCSwiftPackageProductDependency;
			productName = AMAShareUltralight;
		};
		F65395872F7187F900539424 /* AMAShareUltralight */ = {
			isa = XCSwiftPackageProductDependency;
			productName = AMAShareUltralight;
		};
		F69D2BE82F718D7300B0AB3B /* AMAShareUltralight */ = {
			isa = XCSwiftPackageProductDependency;
			productName = AMAShareUltralight;
		};
		F69D2BEE2F718E0900B0AB3B /* AMAShareUltralight */ = {
			isa = XCSwiftPackageProductDependency;
			productName = AMAShareUltralight;
		};
		F69D2BF12F718E5B00B0AB3B /* AMAShareUltralight */ = {
			isa = XCSwiftPackageProductDependency;
			productName = AMAShareUltralight;
		};
		F6BDB9032F7150CC00357430 /* AMAShareUltralight */ = {
			isa = XCSwiftPackageProductDependency;
			productName = AMAShareUltralight;
		};
		F6C665162F7184690059E1AD /* AMAShareUltralight */ = {
			isa = XCSwiftPackageProductDependency;
			productName = AMAShareUltralight;
		};
		F6F079E32F6D715800D5394D /* AMAShareUltralight */ = {
			isa = XCSwiftPackageProductDependency;
			productName = AMAShareUltralight;
		};
/* End XCSwiftPackageProductDependency section */
	};
	rootObject = 3ACCC0531C14DF86AB1980F5 /* Project object */;
}
