{
  "originHash" : "ab80e0e9ed2555aaa75b55f261b9ab86e993527061bf76eb27a5e9047a03c205",
  "pins" : [
    {
      "identity" : "amadocmodelios",
      "kind" : "remoteSourceControl",
      "location" : "https://github.com/vbmobile/AMADocModeliOS",
      "state" : {
        "revision" : "1bdee2ca69576eaa97f411f3fffc6aac1f71c854",
        "version" : "1.0.0-rc03"
      }
    },
    {
      "identity" : "ultralight-native-sdk",
      "kind" : "remoteSourceControl",
      "location" : "https://github.com/vbmobile/ultralight-native-sdk",
      "state" : {
        "revision" : "f053a1767fc392fa1613b7ae78fc9218b5f90a79",
        "version" : "2.6.141"
      }
    }
  ],
  "version" : 3
}
